PODS:
  - Flutter (1.0.0)
  - flutter_tpay (1.2.12):
    - Flutter
    - Tpay-SDK (= 1.3.10)
  - Tpay-SDK (1.3.10)

DEPENDENCIES:
  - Flutter (from `Flutter`)
  - flutter_tpay (from `.symlinks/plugins/flutter_tpay/ios`)

SPEC REPOS:
  trunk:
    - Tpay-SDK

EXTERNAL SOURCES:
  Flutter:
    :path: Flutter
  flutter_tpay:
    :path: ".symlinks/plugins/flutter_tpay/ios"

SPEC CHECKSUMS:
  Flutter: cabc95a1d2626b1b06e7179b784ebcf0c0cde467
  flutter_tpay: fb1623c6d32adfe335b2c6b8be8e51adc31491d6
  Tpay-SDK: a24e9aebd2797f7beacb74d222d6f8a4f1a77a29

PODFILE CHECKSUM: cc1f88378b4bfcf93a6ce00d2c587857c6008d3b

COCOAPODS: 1.16.2
